github.com/arandu-io/framework v0.47.0 h1:BCzMO2INVvjtvfRrj8DF5nXbcfaRgYPgAk4a7XDo13I=
github.com/arandu-io/framework v0.47.0/go.mod h1:lcAKpq0C1iuF8N5hXlZBCtQnPS1JAuvRNakImVgBBQY=
github.com/arandu-io/hesape v0.41.0 h1:BJOLBWVvWp4ZGBrZSjQjVVmLPvGfhHq+fkY4LwjuC0g=
github.com/arandu-io/hesape v0.41.0/go.mod h1:KNXJJuKrDIpWvJgNbE2LxtHkOqO4J6cqPkmMcNlxrL0=
github.com/hyz-is/arandu-wallet v0.5.0 h1:woagDwc3v+7GdRcFiInXlIFNhktXe9j1ovdw/4nDoUI=
github.com/hyz-is/arandu-wallet v0.5.0/go.mod h1:iy7QuWMqV/enOCuClFWSHyuJEl4YBc622q1aTWNRJyQ=
golang.org/x/crypto v0.55.0 h1:+KWHjbgOaAQ66dh/YlkZKHlz9ZUlq61AFirAR9ntP8M=
golang.org/x/crypto v0.55.0/go.mod h1:uq0V9dE/fzQuJtbnL+2EhWOE63vo164FY8xqEnV9xis=
golang.org/x/sys v0.47.0 h1:o7XGOvZQCADBQQ4Y7VNq2dRWQR7JmOUW8Kxx4ZsNgWs=
golang.org/x/sys v0.47.0/go.mod h1:4GL1E5IUh+htKOUEOaiffhrAeqysfVGipDYzABqnCmw=
